// !$*UTF8*$!
{
	archiveVersion = 1;
	classes = {
	};
	objectVersion = 48;
	objects = {

/* Begin PBXBuildFile section */
		0F6DF031214B6A3500BBA844 /* AppDelegate.swift in Sources */ = {isa = PBXBuildFile; fileRef = 0F6DF030214B6A3500BBA844 /* AppDelegate.swift */; };
		0F6DF033214B6A3500BBA844 /* ViewController.swift in Sources */ = {isa = PBXBuildFile; fileRef = 0F6DF032214B6A3500BBA844 /* ViewController.swift */; };
		0F6DF036214B6A3500BBA844 /* Main.storyboard in Resources */ = {isa = PBXBuildFile; fileRef = 0F6DF034214B6A3500BBA844 /* Main.storyboard */; };
		0F6DF038214B6A3500BBA844 /* Assets.xcassets in Resources */ = {isa = PBXBuildFile; fileRef = 0F6DF037214B6A3500BBA844 /* Assets.xcassets */; };
		0F6DF03B214B6A3500BBA844 /* LaunchScreen.storyboard in Resources */ = {isa = PBXBuildFile; fileRef = 0F6DF039214B6A3500BBA844 /* LaunchScreen.storyboard */; };
		0F6DF046214B6A3600BBA844 /* HelloWorldTests.swift in Sources */ = {isa = PBXBuildFile; fileRef = 0F6DF045214B6A3600BBA844 /* HelloWorldTests.swift */; };
		0F6DF051214B6A3600BBA844 /* HelloWorldUITests.swift in Sources */ = {isa = PBXBuildFile; fileRef = 0F6DF050214B6A3600BBA844 /* HelloWorldUITests.swift */; };
/* End PBXBuildFile section */

/* Begin PBXContainerItemProxy section */
		0F6DF042214B6A3600BBA844 /* PBXContainerItemProxy */ = {
			isa = PBXContainerItemProxy;
			containerPortal = 0F6DF025214B6A3500BBA844 /* Project object */;
			proxyType = 1;
			remoteGlobalIDString = 0F6DF02C214B6A3500BBA844;
			remoteInfo = HelloWorld;
		};
		0F6DF04D214B6A3600BBA844 /* PBXContainerItemProxy */ = {
			isa = PBXContainerItemProxy;
			containerPortal = 0F6DF025214B6A3500BBA844 /* Project object */;
			proxyType = 1;
			remoteGlobalIDString = 0F6DF02C214B6A3500BBA844;
			remoteInfo = HelloWorld;
		};
/* End PBXContainerItemProxy section */

/* Begin PBXFileReference section */
		0F6DF02D214B6A3500BBA844 /* HelloWorld.app */ = {isa = PBXFileReference; explicitFileType = wrapper.application; includeInIndex = 0; path = HelloWorld.app; sourceTree = BUILT_PRODUCTS_DIR; };
		0F6DF030214B6A3500BBA844 /* AppDelegate.swift */ = {isa = PBXFileReference; lastKnownFileType = sourcecode.swift; path = AppDelegate.swift; sourceTree = "<group>"; };
		0F6DF032214B6A3500BBA844 /* ViewController.swift */ = {isa = PBXFileReference; lastKnownFileType = sourcecode.swift; path = ViewController.swift; sourceTree = "<group>"; };
		0F6DF035214B6A3500BBA844 /* Base */ = {isa = PBXFileReference; lastKnownFileType = file.storyboard; name = Base; path = Base.lproj/Main.storyboard; sourceTree = "<group>"; };
		0F6DF037214B6A3500BBA844 /* Assets.xcassets */ = {isa = PBXFileReference; lastKnownFileType = folder.assetcatalog; path = Assets.xcassets; sourceTree = "<group>"; };
		0F6DF03A214B6A3500BBA844 /* Base */ = {isa = PBXFileReference; lastKnownFileType = file.storyboard; name = Base; path = Base.lproj/LaunchScreen.storyboard; sourceTree = "<group>"; };
		0F6DF03C214B6A3500BBA844 /* Info.plist */ = {isa = PBXFileReference; lastKnownFileType = text.plist.xml; path = Info.plist; sourceTree = "<group>"; };
		0F6DF041214B6A3600BBA844 /* HelloWorldTests.xctest */ = {isa = PBXFileReference; explicitFileType = wrapper.cfbundle; includeInIndex = 0; path = HelloWorldTests.xctest; sourceTree = BUILT_PRODUCTS_DIR; };
		0F6DF045214B6A3600BBA844 /* HelloWorldTests.swift */ = {isa = PBXFileReference; lastKnownFileType = sourcecode.swift; path = HelloWorldTests.swift; sourceTree = "<group>"; };
		0F6DF047214B6A3600BBA844 /* Info.plist */ = {isa = PBXFileReference; lastKnownFileType = text.plist.xml; path = Info.plist; sourceTree = "<group>"; };
		0F6DF04C214B6A3600BBA844 /* HelloWorldUITests.xctest */ = {isa = PBXFileReference; explicitFileType = wrapper.cfbundle; includeInIndex = 0; path = HelloWorldUITests.xctest; sourceTree = BUILT_PRODUCTS_DIR; };
		0F6DF050214B6A3600BBA844 /* HelloWorldUITests.swift */ = {isa = PBXFileReference; lastKnownFileType = sourcecode.swift; path = HelloWorldUITests.swift; sourceTree = "<group>"; };
		0F6DF052214B6A3600BBA844 /* Info.plist */ = {isa = PBXFileReference; lastKnownFileType = text.plist.xml; path = Info.plist; sourceTree = "<group>"; };
/* End PBXFileReference section */

/* Begin PBXFrameworksBuildPhase section */
		0F6DF02A214B6A3500BBA844 /* Frameworks */ = {
			isa = PBXFrameworksBuildPhase;
			buildActionMask = 2147483647;
			files = (
			);
			runOnlyForDeploymentPostprocessing = 0;
		};
		0F6DF03E214B6A3500BBA844 /* Frameworks */ = {
			isa = PBXFrameworksBuildPhase;
			buildActionMask = 2147483647;
			files = (
			);
			runOnlyForDeploymentPostprocessing = 0;
		};
		0F6DF049214B6A3600BBA844 /* Frameworks */ = {
			isa = PBXFrameworksBuildPhase;
			buildActionMask = 2147483647;
			files = (
			);
			runOnlyForDeploymentPostprocessing = 0;
		};
/* End PBXFrameworksBuildPhase section */

/* Begin PBXGroup section */
		0F6DF024214B6A3500BBA844 = {
			isa = PBXGroup;
			children = (
				0F6DF02F214B6A3500BBA844 /* HelloWorld */,
				0F6DF044214B6A3600BBA844 /* HelloWorldTests */,
				0F6DF04F214B6A3600BBA844 /* HelloWorldUITests */,
				0F6DF02E214B6A3500BBA844 /* Products */,
			);
			sourceTree = "<group>";
		};
		0F6DF02E214B6A3500BBA844 /* Products */ = {
			isa = PBXGroup;
			children = (
				0F6DF02D214B6A3500BBA844 /* HelloWorld.app */,
				0F6DF041214B6A3600BBA844 /* HelloWorldTests.xctest */,
				0F6DF04C214B6A3600BBA844 /* HelloWorldUITests.xctest */,
			);
			name = Products;
			sourceTree = "<group>";
		};
		0F6DF02F214B6A3500BBA844 /* HelloWorld */ = {
			isa = PBXGroup;
			children = (
				0F6DF030214B6A3500BBA844 /* AppDelegate.swift */,
				0F6DF032214B6A3500BBA844 /* ViewController.swift */,
				0F6DF034214B6A3500BBA844 /* Main.storyboard */,
				0F6DF037214B6A3500BBA844 /* Assets.xcassets */,
				0F6DF039214B6A3500BBA844 /* LaunchScreen.storyboard */,
				0F6DF03C214B6A3500BBA844 /* Info.plist */,
			);
			path = HelloWorld;
			sourceTree = "<group>";
		};
		0F6DF044214B6A3600BBA844 /* HelloWorldTests */ = {
			isa = PBXGroup;
			children = (
				0F6DF045214B6A3600BBA844 /* HelloWorldTests.swift */,
				0F6DF047214B6A3600BBA844 /* Info.plist */,
			);
			path = HelloWorldTests;
			sourceTree = "<group>";
		};
		0F6DF04F214B6A3600BBA844 /* HelloWorldUITests */ = {
			isa = PBXGroup;
			children = (
				0F6DF050214B6A3600BBA844 /* HelloWorldUITests.swift */,
				0F6DF052214B6A3600BBA844 /* Info.plist */,
			);
			path = HelloWorldUITests;
			sourceTree = "<group>";
		};
/* End PBXGroup section */

/* Begin PBXNativeTarget section */
		0F6DF02C214B6A3500BBA844 /* HelloWorld */ = {
			isa = PBXNativeTarget;
			buildConfigurationList = 0F6DF055214B6A3600BBA844 /* Build configuration list for PBXNativeTarget "HelloWorld" */;
			buildPhases = (
				0F6DF029214B6A3500BBA844 /* Sources */,
				0F6DF02A214B6A3500BBA844 /* Frameworks */,
				0F6DF02B214B6A3500BBA844 /* Resources */,
			);
			buildRules = (
			);
			dependencies = (
			);
			name = HelloWorld;
			productName = HelloWorld;
			productReference = 0F6DF02D214B6A3500BBA844 /* HelloWorld.app */;
			productType = "com.apple.product-type.application";
		};
		0F6DF040214B6A3500BBA844 /* HelloWorldTests */ = {
			isa = PBXNativeTarget;
			buildConfigurationList = 0F6DF058214B6A3600BBA844 /* Build configuration list for PBXNativeTarget "HelloWorldTests" */;
			buildPhases = (
				0F6DF03D214B6A3500BBA844 /* Sources */,
				0F6DF03E214B6A3500BBA844 /* Frameworks */,
				0F6DF03F214B6A3500BBA844 /* Resources */,
			);
			buildRules = (
			);
			dependencies = (
				0F6DF043214B6A3600BBA844 /* PBXTargetDependency */,
			);
			name = HelloWorldTests;
			productName = HelloWorldTests;
			productReference = 0F6DF041214B6A3600BBA844 /* HelloWorldTests.xctest */;
			productType = "com.apple.product-type.bundle.unit-test";
		};
		0F6DF04B214B6A3600BBA844 /* HelloWorldUITests */ = {
			isa = PBXNativeTarget;
			buildConfigurationList = 0F6DF05B214B6A3600BBA844 /* Build configuration list for PBXNativeTarget "HelloWorldUITests" */;
			buildPhases = (
				0F6DF048214B6A3600BBA844 /* Sources */,
				0F6DF049214B6A3600BBA844 /* Frameworks */,
				0F6DF04A214B6A3600BBA844 /* Resources */,
			);
			buildRules = (
			);
			dependencies = (
				0F6DF04E214B6A3600BBA844 /* PBXTargetDependency */,
			);
			name = HelloWorldUITests;
			productName = HelloWorldUITests;
			productReference = 0F6DF04C214B6A3600BBA844 /* HelloWorldUITests.xctest */;
			productType = "com.apple.product-type.bundle.ui-testing";
		};
/* End PBXNativeTarget section */

/* Begin PBXProject section */
		0F6DF025214B6A3500BBA844 /* Project object */ = {
			isa = PBXProject;
			attributes = {
				LastSwiftUpdateCheck = 0920;
				LastUpgradeCheck = 0920;
				ORGANIZATIONNAME = "Yongjia Li";
				TargetAttributes = {
					0F6DF02C214B6A3500BBA844 = {
						CreatedOnToolsVersion = 9.2;
						ProvisioningStyle = Automatic;
					};
					0F6DF040214B6A3500BBA844 = {
						CreatedOnToolsVersion = 9.2;
						ProvisioningStyle = Automatic;
						TestTargetID = 0F6DF02C214B6A3500BBA844;
					};
					0F6DF04B214B6A3600BBA844 = {
						CreatedOnToolsVersion = 9.2;
						ProvisioningStyle = Automatic;
						TestTargetID = 0F6DF02C214B6A3500BBA844;
					};
				};
			};
			buildConfigurationList = 0F6DF028214B6A3500BBA844 /* Build configuration list for PBXProject "HelloWorld" */;
			compatibilityVersion = "Xcode 8.0";
			developmentRegion = en;
			hasScannedForEncodings = 0;
			knownRegions = (
				en,
				Base,
			);
			mainGroup = 0F6DF024214B6A3500BBA844;
			productRefGroup = 0F6DF02E214B6A3500BBA844 /* Products */;
			projectDirPath = "";
			projectRoot = "";
			targets = (
				0F6DF02C214B6A3500BBA844 /* HelloWorld */,
				0F6DF040214B6A3500BBA844 /* HelloWorldTests */,
				0F6DF04B214B6A3600BBA844 /* HelloWorldUITests */,
			);
		};
/* End PBXProject section */

/* Begin PBXResourcesBuildPhase section */
		0F6DF02B214B6A3500BBA844 /* Resources */ = {
			isa = PBXResourcesBuildPhase;
			buildActionMask = 2147483647;
			files = (
				0F6DF03B214B6A3500BBA844 /* LaunchScreen.storyboard in Resources */,
				0F6DF038214B6A3500BBA844 /* Assets.xcassets in Resources */,
				0F6DF036214B6A3500BBA844 /* Main.storyboard in Resources */,
			);
			runOnlyForDeploymentPostprocessing = 0;
		};
		0F6DF03F214B6A3500BBA844 /* Resources */ = {
			isa = PBXResourcesBuildPhase;
			buildActionMask = 2147483647;
			files = (
			);
			runOnlyForDeploymentPostprocessing = 0;
		};
		0F6DF04A214B6A3600BBA844 /* Resources */ = {
			isa = PBXResourcesBuildPhase;
			buildActionMask = 2147483647;
			files = (
			);
			runOnlyForDeploymentPostprocessing = 0;
		};
/* End PBXResourcesBuildPhase section */

/* Begin PBXSourcesBuildPhase section */
		0F6DF029214B6A3500BBA844 /* Sources */ = {
			isa = PBXSourcesBuildPhase;
			buildActionMask = 2147483647;
			files = (
				0F6DF033214B6A3500BBA844 /* ViewController.swift in Sources */,
				0F6DF031214B6A3500BBA844 /* AppDelegate.swift in Sources */,
			);
			runOnlyForDeploymentPostprocessing = 0;
		};
		0F6DF03D214B6A3500BBA844 /* Sources */ = {
			isa = PBXSourcesBuildPhase;
			buildActionMask = 2147483647;
			files = (
				0F6DF046214B6A3600BBA844 /* HelloWorldTests.swift in Sources */,
			);
			runOnlyForDeploymentPostprocessing = 0;
		};
		0F6DF048214B6A3600BBA844 /* Sources */ = {
			isa = PBXSourcesBuildPhase;
			buildActionMask = 2147483647;
			files = (
				0F6DF051214B6A3600BBA844 /* HelloWorldUITests.swift in Sources */,
			);
			runOnlyForDeploymentPostprocessing = 0;
		};
/* End PBXSourcesBuildPhase section */

/* Begin PBXTargetDependency section */
		0F6DF043214B6A3600BBA844 /* PBXTargetDependency */ = {
			isa = PBXTargetDependency;
			target = 0F6DF02C214B6A3500BBA844 /* HelloWorld */;
			targetProxy = 0F6DF042214B6A3600BBA844 /* PBXContainerItemProxy */;
		};
		0F6DF04E214B6A3600BBA844 /* PBXTargetDependency */ = {
			isa = PBXTargetDependency;
			target = 0F6DF02C214B6A3500BBA844 /* HelloWorld */;
			targetProxy = 0F6DF04D214B6A3600BBA844 /* PBXContainerItemProxy */;
		};
/* End PBXTargetDependency section */

/* Begin PBXVariantGroup section */
		0F6DF034214B6A3500BBA844 /* Main.storyboard */ = {
			isa = PBXVariantGroup;
			children = (
				0F6DF035214B6A3500BBA844 /* Base */,
			);
			name = Main.storyboard;
			sourceTree = "<group>";
		};
		0F6DF039214B6A3500BBA844 /* LaunchScreen.storyboard */ = {
			isa = PBXVariantGroup;
			children = (
				0F6DF03A214B6A3500BBA844 /* Base */,
			);
			name = LaunchScreen.storyboard;
			sourceTree = "<group>";
		};
/* End PBXVariantGroup section */

/* Begin XCBuildConfiguration section */
		0F6DF053214B6A3600BBA844 /* Debug */ = {
			isa = XCBuildConfiguration;
			buildSettings = {
				ALWAYS_SEARCH_USER_PATHS = NO;
				CLANG_ANALYZER_NONNULL = YES;
				CLANG_ANALYZER_NUMBER_OBJECT_CONVERSION = YES_AGGRESSIVE;
				CLANG_CXX_LANGUAGE_STANDARD = "gnu++14";
				CLANG_CXX_LIBRARY = "libc++";
				CLANG_ENABLE_MODULES = YES;
				CLANG_ENABLE_OBJC_ARC = YES;
				CLANG_WARN_BLOCK_CAPTURE_AUTORELEASING = YES;
				CLANG_WARN_BOOL_CONVERSION = YES;
				CLANG_WARN_COMMA = YES;
				CLANG_WARN_CONSTANT_CONVERSION = YES;
				CLANG_WARN_DIRECT_OBJC_ISA_USAGE = YES_ERROR;
				CLANG_WARN_DOCUMENTATION_COMMENTS = YES;
				CLANG_WARN_EMPTY_BODY = YES;
				CLANG_WARN_ENUM_CONVERSION = YES;
				CLANG_WARN_INFINITE_RECURSION = YES;
				CLANG_WARN_INT_CONVERSION = YES;
				CLANG_WARN_NON_LITERAL_NULL_CONVERSION = YES;
				CLANG_WARN_OBJC_LITERAL_CONVERSION = YES;
				CLANG_WARN_OBJC_ROOT_CLASS = YES_ERROR;
				CLANG_WARN_RANGE_LOOP_ANALYSIS = YES;
				CLANG_WARN_STRICT_PROTOTYPES = YES;
				CLANG_WARN_SUSPICIOUS_MOVE = YES;
				CLANG_WARN_UNGUARDED_AVAILABILITY = YES_AGGRESSIVE;
				CLANG_WARN_UNREACHABLE_CODE = YES;
				CLANG_WARN__DUPLICATE_METHOD_MATCH = YES;
				CODE_SIGN_IDENTITY = "iPhone Developer";
				COPY_PHASE_STRIP = NO;
				DEBUG_INFORMATION_FORMAT = dwarf;
				ENABLE_STRICT_OBJC_MSGSEND = YES;
				ENABLE_TESTABILITY = YES;
				GCC_C_LANGUAGE_STANDARD = gnu11;
				GCC_DYNAMIC_NO_PIC = NO;
				GCC_NO_COMMON_BLOCKS = YES;
				GCC_OPTIMIZATION_LEVEL = 0;
				GCC_PREPROCESSOR_DEFINITIONS = (
					"DEBUG=1",
					"$(inherited)",
				);
				GCC_WARN_64_TO_32_BIT_CONVERSION = YES;
				GCC_WARN_ABOUT_RETURN_TYPE = YES_ERROR;
				GCC_WARN_UNDECLARED_SELECTOR = YES;
				GCC_WARN_UNINITIALIZED_AUTOS = YES_AGGRESSIVE;
				GCC_WARN_UNUSED_FUNCTION = YES;
				GCC_WARN_UNUSED_VARIABLE = YES;
				IPHONEOS_DEPLOYMENT_TARGET = 11.2;
				MTL_ENABLE_DEBUG_INFO = YES;
				ONLY_ACTIVE_ARCH = YES;
				SDKROOT = iphoneos;
				SWIFT_ACTIVE_COMPILATION_CONDITIONS = DEBUG;
				SWIFT_OPTIMIZATION_LEVEL = "-Onone";
			};
			name = Debug;
		};
		0F6DF054214B6A3600BBA844 /* Release */ = {
			isa = XCBuildConfiguration;
			buildSettings = {
				ALWAYS_SEARCH_USER_PATHS = NO;
				CLANG_ANALYZER_NONNULL = YES;
				CLANG_ANALYZER_NUMBER_OBJECT_CONVERSION = YES_AGGRESSIVE;
				CLANG_CXX_LANGUAGE_STANDARD = "gnu++14";
				CLANG_CXX_LIBRARY = "libc++";
				CLANG_ENABLE_MODULES = YES;
				CLANG_ENABLE_OBJC_ARC = YES;
				CLANG_WARN_BLOCK_CAPTURE_AUTORELEASING = YES;
				CLANG_WARN_BOOL_CONVERSION = YES;
				CLANG_WARN_COMMA = YES;
				CLANG_WARN_CONSTANT_CONVERSION = YES;
				CLANG_WARN_DIRECT_OBJC_ISA_USAGE = YES_ERROR;
				CLANG_WARN_DOCUMENTATION_COMMENTS = YES;
				CLANG_WARN_EMPTY_BODY = YES;
				CLANG_WARN_ENUM_CONVERSION = YES;
				CLANG_WARN_INFINITE_RECURSION = YES;
				CLANG_WARN_INT_CONVERSION = YES;
				CLANG_WARN_NON_LITERAL_NULL_CONVERSION = YES;
				CLANG_WARN_OBJC_LITERAL_CONVERSION = YES;
				CLANG_WARN_OBJC_ROOT_CLASS = YES_ERROR;
				CLANG_WARN_RANGE_LOOP_ANALYSIS = YES;
				CLANG_WARN_STRICT_PROTOTYPES = YES;
				CLANG_WARN_SUSPICIOUS_MOVE = YES;
				CLANG_WARN_UNGUARDED_AVAILABILITY = YES_AGGRESSIVE;
				CLANG_WARN_UNREACHABLE_CODE = YES;
				CLANG_WARN__DUPLICATE_METHOD_MATCH = YES;
				CODE_SIGN_IDENTITY = "iPhone Developer";
				COPY_PHASE_STRIP = NO;
				DEBUG_INFORMATION_FORMAT = "dwarf-with-dsym";
				ENABLE_NS_ASSERTIONS = NO;
				ENABLE_STRICT_OBJC_MSGSEND = YES;
				GCC_C_LANGUAGE_STANDARD = gnu11;
				GCC_NO_COMMON_BLOCKS = YES;
				GCC_WARN_64_TO_32_BIT_CONVERSION = YES;
				GCC_WARN_ABOUT_RETURN_TYPE = YES_ERROR;
				GCC_WARN_UNDECLARED_SELECTOR = YES;
				GCC_WARN_UNINITIALIZED_AUTOS = YES_AGGRESSIVE;
				GCC_WARN_UNUSED_FUNCTION = YES;
				GCC_WARN_UNUSED_VARIABLE = YES;
				IPHONEOS_DEPLOYMENT_TARGET = 11.2;
				MTL_ENABLE_DEBUG_INFO = NO;
				SDKROOT = iphoneos;
				SWIFT_OPTIMIZATION_LEVEL = "-Owholemodule";
				VALIDATE_PRODUCT = YES;
			};
			name = Release;
		};
		0F6DF056214B6A3600BBA844 /* Debug */ = {
			isa = XCBuildConfiguration;
			buildSettings = {
				ASSETCATALOG_COMPILER_APPICON_NAME = AppIcon;
				CODE_SIGN_STYLE = Automatic;
				INFOPLIST_FILE = HelloWorld/Info.plist;
				LD_RUNPATH_SEARCH_PATHS = "$(inherited) @executable_path/Frameworks";
				PRODUCT_BUNDLE_IDENTIFIER = com.yongjia.HelloWorld;
				PRODUCT_NAME = "$(TARGET_NAME)";
				SWIFT_VERSION = 4.0;
				TARGETED_DEVICE_FAMILY = "1,2";
			};
			name = Debug;
		};
		0F6DF057214B6A3600BBA844 /* Release */ = {
			isa = XCBuildConfiguration;
			buildSettings = {
				ASSETCATALOG_COMPILER_APPICON_NAME = AppIcon;
				CODE_SIGN_STYLE = Automatic;
				INFOPLIST_FILE = HelloWorld/Info.plist;
				LD_RUNPATH_SEARCH_PATHS = "$(inherited) @executable_path/Frameworks";
				PRODUCT_BUNDLE_IDENTIFIER = com.yongjia.HelloWorld;
				PRODUCT_NAME = "$(TARGET_NAME)";
				SWIFT_VERSION = 4.0;
				TARGETED_DEVICE_FAMILY = "1,2";
			};
			name = Release;
		};
		0F6DF059214B6A3600BBA844 /* Debug */ = {
			isa = XCBuildConfiguration;
			buildSettings = {
				ALWAYS_EMBED_SWIFT_STANDARD_LIBRARIES = YES;
				BUNDLE_LOADER = "$(TEST_HOST)";
				CODE_SIGN_STYLE = Automatic;
				INFOPLIST_FILE = HelloWorldTests/Info.plist;
				LD_RUNPATH_SEARCH_PATHS = "$(inherited) @executable_path/Frameworks @loader_path/Frameworks";
				PRODUCT_BUNDLE_IDENTIFIER = com.yongjia.HelloWorldTests;
				PRODUCT_NAME = "$(TARGET_NAME)";
				SWIFT_VERSION = 4.0;
				TARGETED_DEVICE_FAMILY = "1,2";
				TEST_HOST = "$(BUILT_PRODUCTS_DIR)/HelloWorld.app/HelloWorld";
			};
			name = Debug;
		};
		0F6DF05A214B6A3600BBA844 /* Release */ = {
			isa = XCBuildConfiguration;
			buildSettings = {
				ALWAYS_EMBED_SWIFT_STANDARD_LIBRARIES = YES;
				BUNDLE_LOADER = "$(TEST_HOST)";
				CODE_SIGN_STYLE = Automatic;
				INFOPLIST_FILE = HelloWorldTests/Info.plist;
				LD_RUNPATH_SEARCH_PATHS = "$(inherited) @executable_path/Frameworks @loader_path/Frameworks";
				PRODUCT_BUNDLE_IDENTIFIER = com.yongjia.HelloWorldTests;
				PRODUCT_NAME = "$(TARGET_NAME)";
				SWIFT_VERSION = 4.0;
				TARGETED_DEVICE_FAMILY = "1,2";
				TEST_HOST = "$(BUILT_PRODUCTS_DIR)/HelloWorld.app/HelloWorld";
			};
			name = Release;
		};
		0F6DF05C214B6A3600BBA844 /* Debug */ = {
			isa = XCBuildConfiguration;
			buildSettings = {
				ALWAYS_EMBED_SWIFT_STANDARD_LIBRARIES = YES;
				CODE_SIGN_STYLE = Automatic;
				INFOPLIST_FILE = HelloWorldUITests/Info.plist;
				LD_RUNPATH_SEARCH_PATHS = "$(inherited) @executable_path/Frameworks @loader_path/Frameworks";
				PRODUCT_BUNDLE_IDENTIFIER = com.yongjia.HelloWorldUITests;
				PRODUCT_NAME = "$(TARGET_NAME)";
				SWIFT_VERSION = 4.0;
				TARGETED_DEVICE_FAMILY = "1,2";
				TEST_TARGET_NAME = HelloWorld;
			};
			name = Debug;
		};
		0F6DF05D214B6A3600BBA844 /* Release */ = {
			isa = XCBuildConfiguration;
			buildSettings = {
				ALWAYS_EMBED_SWIFT_STANDARD_LIBRARIES = YES;
				CODE_SIGN_STYLE = Automatic;
				INFOPLIST_FILE = HelloWorldUITests/Info.plist;
				LD_RUNPATH_SEARCH_PATHS = "$(inherited) @executable_path/Frameworks @loader_path/Frameworks";
				PRODUCT_BUNDLE_IDENTIFIER = com.yongjia.HelloWorldUITests;
				PRODUCT_NAME = "$(TARGET_NAME)";
				SWIFT_VERSION = 4.0;
				TARGETED_DEVICE_FAMILY = "1,2";
				TEST_TARGET_NAME = HelloWorld;
			};
			name = Release;
		};
/* End XCBuildConfiguration section */

/* Begin XCConfigurationList section */
		0F6DF028214B6A3500BBA844 /* Build configuration list for PBXProject "HelloWorld" */ = {
			isa = XCConfigurationList;
			buildConfigurations = (
				0F6DF053214B6A3600BBA844 /* Debug */,
				0F6DF054214B6A3600BBA844 /* Release */,
			);
			defaultConfigurationIsVisible = 0;
			defaultConfigurationName = Release;
		};
		0F6DF055214B6A3600BBA844 /* Build configuration list for PBXNativeTarget "HelloWorld" */ = {
			isa = XCConfigurationList;
			buildConfigurations = (
				0F6DF056214B6A3600BBA844 /* Debug */,
				0F6DF057214B6A3600BBA844 /* Release */,
			);
			defaultConfigurationIsVisible = 0;
			defaultConfigurationName = Release;
		};
		0F6DF058214B6A3600BBA844 /* Build configuration list for PBXNativeTarget "HelloWorldTests" */ = {
			isa = XCConfigurationList;
			buildConfigurations = (
				0F6DF059214B6A3600BBA844 /* Debug */,
				0F6DF05A214B6A3600BBA844 /* Release */,
			);
			defaultConfigurationIsVisible = 0;
			defaultConfigurationName = Release;
		};
		0F6DF05B214B6A3600BBA844 /* Build configuration list for PBXNativeTarget "HelloWorldUITests" */ = {
			isa = XCConfigurationList;
			buildConfigurations = (
				0F6DF05C214B6A3600BBA844 /* Debug */,
				0F6DF05D214B6A3600BBA844 /* Release */,
			);
			defaultConfigurationIsVisible = 0;
			defaultConfigurationName = Release;
		};
/* End XCConfigurationList section */
	};
	rootObject = 0F6DF025214B6A3500BBA844 /* Project object */;
}
